
Microsoft Visual Studio Solution File, Format Version 12.00
# Visual Studio 15
VisualStudioVersion = 15.0.27004.2005
MinimumVisualStudioVersion = 10.0.40219.1
Project("{FAE04EC0-301F-11D3-BF4B-00C04F79EFBC}") = "Singleton", "Singleton\Singleton.csproj", "{657B0068-E0D9-4A6C-9D8E-DCAED3839746}"
EndProject
Project("{FAE04EC0-301F-11D3-BF4B-00C04F79EFBC}") = "FactoryExample", "FactoryExample\FactoryExample.csproj", "{978F7016-1A29-4EBF-948F-5FEC7F81DAE1}"
EndProject
Project("{FAE04EC0-301F-11D3-BF4B-00C04F79EFBC}") = "Food", "Jedzenie\Food.csproj", "{69D4B75A-5680-45FC-B5F6-A2DAD84BBFC5}"
EndProject
Project("{FAE04EC0-301F-11D3-BF4B-00C04F79EFBC}") = "Food.Tests", "Food.Tests\Food.Tests.csproj", "{B09E2E42-2B1A-46EB-AC99-90049DFF1B93}"
EndProject
Global
	GlobalSection(SolutionConfigurationPlatforms) = preSolution
		Debug|Any CPU = Debug|Any CPU
		Release|Any CPU = Release|Any CPU
	EndGlobalSection
	GlobalSection(ProjectConfigurationPlatforms) = postSolution
		{657B0068-E0D9-4A6C-9D8E-DCAED3839746}.Debug|Any CPU.ActiveCfg = Debug|Any CPU
		{657B0068-E0D9-4A6C-9D8E-DCAED3839746}.Debug|Any CPU.Build.0 = Debug|Any CPU
		{657B0068-E0D9-4A6C-9D8E-DCAED3839746}.Release|Any CPU.ActiveCfg = Release|Any CPU
		{657B0068-E0D9-4A6C-9D8E-DCAED3839746}.Release|Any CPU.Build.0 = Release|Any CPU
		{978F7016-1A29-4EBF-948F-5FEC7F81DAE1}.Debug|Any CPU.ActiveCfg = Debug|Any CPU
		{978F7016-1A29-4EBF-948F-5FEC7F81DAE1}.Debug|Any CPU.Build.0 = Debug|Any CPU
		{978F7016-1A29-4EBF-948F-5FEC7F81DAE1}.Release|Any CPU.ActiveCfg = Release|Any CPU
		{978F7016-1A29-4EBF-948F-5FEC7F81DAE1}.Release|Any CPU.Build.0 = Release|Any CPU
		{69D4B75A-5680-45FC-B5F6-A2DAD84BBFC5}.Debug|Any CPU.ActiveCfg = Debug|Any CPU
		{69D4B75A-5680-45FC-B5F6-A2DAD84BBFC5}.Debug|Any CPU.Build.0 = Debug|Any CPU
		{69D4B75A-5680-45FC-B5F6-A2DAD84BBFC5}.Release|Any CPU.ActiveCfg = Release|Any CPU
		{69D4B75A-5680-45FC-B5F6-A2DAD84BBFC5}.Release|Any CPU.Build.0 = Release|Any CPU
		{B09E2E42-2B1A-46EB-AC99-90049DFF1B93}.Debug|Any CPU.ActiveCfg = Debug|Any CPU
		{B09E2E42-2B1A-46EB-AC99-90049DFF1B93}.Debug|Any CPU.Build.0 = Debug|Any CPU
		{B09E2E42-2B1A-46EB-AC99-90049DFF1B93}.Release|Any CPU.ActiveCfg = Release|Any CPU
		{B09E2E42-2B1A-46EB-AC99-90049DFF1B93}.Release|Any CPU.Build.0 = Release|Any CPU
	EndGlobalSection
	GlobalSection(SolutionProperties) = preSolution
		HideSolutionNode = FALSE
	EndGlobalSection
	GlobalSection(ExtensibilityGlobals) = postSolution
		SolutionGuid = {55AAB80B-5A3E-4C1A-96AA-E34264F0C857}
	EndGlobalSection
EndGlobal
